
Microsoft Visual Studio Solution File, Format Version 11.00
# Visual Studio 2010
Project("{8BC9CEB8-8B4A-11D0-8D11-00A0C91BC942}") = "IA1", "IA1\IA1.vcxproj", "{59562BFF-D45E-457E-8392-189691749D32}"
EndProject
Project("{8BC9CEB8-8B4A-11D0-8D11-00A0C91BC942}") = "Core", "Core\Core.vcxproj", "{AE1EC11E-8DEC-40FB-9B3B-7EE456B4C4A6}"
EndProject
Global
	GlobalSection(SolutionConfigurationPlatforms) = preSolution
		Debug|Win32 = Debug|Win32
		Release|Win32 = Release|Win32
	EndGlobalSection
	GlobalSection(ProjectConfigurationPlatforms) = postSolution
		{59562BFF-D45E-457E-8392-189691749D32}.Debug|Win32.ActiveCfg = Debug|Win32
		{59562BFF-D45E-457E-8392-189691749D32}.Debug|Win32.Build.0 = Debug|Win32
		{59562BFF-D45E-457E-8392-189691749D32}.Release|Win32.ActiveCfg = Release|Win32
		{59562BFF-D45E-457E-8392-189691749D32}.Release|Win32.Build.0 = Release|Win32
		{AE1EC11E-8DEC-40FB-9B3B-7EE456B4C4A6}.Debug|Win32.ActiveCfg = Debug|Win32
		{AE1EC11E-8DEC-40FB-9B3B-7EE456B4C4A6}.Debug|Win32.Build.0 = Debug|Win32
		{AE1EC11E-8DEC-40FB-9B3B-7EE456B4C4A6}.Release|Win32.ActiveCfg = Release|Win32
		{AE1EC11E-8DEC-40FB-9B3B-7EE456B4C4A6}.Release|Win32.Build.0 = Release|Win32
	EndGlobalSection
	GlobalSection(SolutionProperties) = preSolution
		HideSolutionNode = FALSE
	EndGlobalSection
EndGlobal
